// !$*UTF8*$!
{
	archiveVersion = 1;
	classes = {
	};
	objectVersion = 46;
	objects = {

/* Begin PBXFileReference section */
		B70CA0C81F1F404F00B9E5D3 /* AQueue-test.cpp */ = {isa = PBXFileReference; fileEncoding = 4; lastKnownFileType = sourcecode.cpp.cpp; name = "AQueue-test.cpp"; path = "../AQueue-test.cpp"; sourceTree = "<group>"; };
		B70CA0C91F1F404F00B9E5D3 /* AQueue.cpp */ = {isa = PBXFileReference; fileEncoding = 4; lastKnownFileType = sourcecode.cpp.cpp; name = AQueue.cpp; path = ../AQueue.cpp; sourceTree = "<group>"; };
		B70CA0CA1F1F404F00B9E5D3 /* AQueue.h */ = {isa = PBXFileReference; fileEncoding = 4; lastKnownFileType = sourcecode.c.h; name = AQueue.h; path = ../AQueue.h; sourceTree = "<group>"; };
		B70CA0CB1F1F404F00B9E5D3 /* LQueue-test.cpp */ = {isa = PBXFileReference; fileEncoding = 4; lastKnownFileType = sourcecode.cpp.cpp; name = "LQueue-test.cpp"; path = "../LQueue-test.cpp"; sourceTree = "<group>"; };
		B70CA0CC1F1F404F00B9E5D3 /* LQueue.cpp */ = {isa = PBXFileReference; fileEncoding = 4; lastKnownFileType = sourcecode.cpp.cpp; name = LQueue.cpp; path = ../LQueue.cpp; sourceTree = "<group>"; };
		B70CA0CD1F1F404F00B9E5D3 /* LQueue.h */ = {isa = PBXFileReference; fileEncoding = 4; lastKnownFileType = sourcecode.c.h; name = LQueue.h; path = ../LQueue.h; sourceTree = "<group>"; };
		B70CA0CF1F1F40F600B9E5D3 /* Makefile */ = {isa = PBXFileReference; fileEncoding = 4; lastKnownFileType = sourcecode.make; name = Makefile; path = ../Makefile; sourceTree = "<group>"; };
		B78D02971F292F8A005EB099 /* Array.cpp */ = {isa = PBXFileReference; fileEncoding = 4; lastKnownFileType = sourcecode.cpp.cpp; name = Array.cpp; path = ../Array.cpp; sourceTree = "<group>"; };
		B78D02981F292F8B005EB099 /* Array.h */ = {isa = PBXFileReference; fileEncoding = 4; lastKnownFileType = sourcecode.c.h; name = Array.h; path = ../Array.h; sourceTree = "<group>"; };
		B78D02991F292F8B005EB099 /* Array.inl */ = {isa = PBXFileReference; fileEncoding = 4; lastKnownFileType = text; name = Array.inl; path = ../Array.inl; sourceTree = "<group>"; };
/* End PBXFileReference section */

/* Begin PBXGroup section */
		B70CA0BD1F1F3F2400B9E5D3 = {
			isa = PBXGroup;
			children = (
				B78D02971F292F8A005EB099 /* Array.cpp */,
				B78D02981F292F8B005EB099 /* Array.h */,
				B78D02991F292F8B005EB099 /* Array.inl */,
				B70CA0CF1F1F40F600B9E5D3 /* Makefile */,
				B70CA0C81F1F404F00B9E5D3 /* AQueue-test.cpp */,
				B70CA0C91F1F404F00B9E5D3 /* AQueue.cpp */,
				B70CA0CA1F1F404F00B9E5D3 /* AQueue.h */,
				B70CA0CB1F1F404F00B9E5D3 /* LQueue-test.cpp */,
				B70CA0CC1F1F404F00B9E5D3 /* LQueue.cpp */,
				B70CA0CD1F1F404F00B9E5D3 /* LQueue.h */,
			);
			sourceTree = "<group>";
		};
/* End PBXGroup section */

/* Begin PBXLegacyTarget section */
		B70CA0C21F1F3F2400B9E5D3 /* NewDesign */ = {
			isa = PBXLegacyTarget;
			buildArgumentsString = "$(ACTION)";
			buildConfigurationList = B70CA0C51F1F3F2400B9E5D3 /* Build configuration list for PBXLegacyTarget "NewDesign" */;
			buildPhases = (
			);
			buildToolPath = /usr/bin/make;
			buildWorkingDirectory = "/Users/abhyudaya/Desktop/MS Course/DesignPatterns/SoftwareDesign/Arrays_And_Queues";
			dependencies = (
			);
			name = NewDesign;
			passBuildSettingsInEnvironment = 1;
			productName = NewDesign;
		};
/* End PBXLegacyTarget section */

/* Begin PBXProject section */
		B70CA0BE1F1F3F2400B9E5D3 /* Project object */ = {
			isa = PBXProject;
			attributes = {
				LastUpgradeCheck = 0820;
				ORGANIZATIONNAME = none;
				TargetAttributes = {
					B70CA0C21F1F3F2400B9E5D3 = {
						CreatedOnToolsVersion = 8.2.1;
						ProvisioningStyle = Automatic;
					};
				};
			};
			buildConfigurationList = B70CA0C11F1F3F2400B9E5D3 /* Build configuration list for PBXProject "NewDesign" */;
			compatibilityVersion = "Xcode 3.2";
			developmentRegion = English;
			hasScannedForEncodings = 0;
			knownRegions = (
				en,
			);
			mainGroup = B70CA0BD1F1F3F2400B9E5D3;
			projectDirPath = "";
			projectRoot = "";
			targets = (
				B70CA0C21F1F3F2400B9E5D3 /* NewDesign */,
			);
		};
/* End PBXProject section */

/* Begin XCBuildConfiguration section */
		B70CA0C31F1F3F2400B9E5D3 /* Debug */ = {
			isa = XCBuildConfiguration;
			buildSettings = {
				ALWAYS_SEARCH_USER_PATHS = NO;
				CLANG_ANALYZER_NONNULL = YES;
				CLANG_CXX_LANGUAGE_STANDARD = "gnu++0x";
				CLANG_CXX_LIBRARY = "libc++";
				CLANG_ENABLE_MODULES = YES;
				CLANG_ENABLE_OBJC_ARC = YES;
				CLANG_WARN_BOOL_CONVERSION = YES;
				CLANG_WARN_CONSTANT_CONVERSION = YES;
				CLANG_WARN_DIRECT_OBJC_ISA_USAGE = YES_ERROR;
				CLANG_WARN_DOCUMENTATION_COMMENTS = YES;
				CLANG_WARN_EMPTY_BODY = YES;
				CLANG_WARN_ENUM_CONVERSION = YES;
				CLANG_WARN_INFINITE_RECURSION = YES;
				CLANG_WARN_INT_CONVERSION = YES;
				CLANG_WARN_OBJC_ROOT_CLASS = YES_ERROR;
				CLANG_WARN_SUSPICIOUS_MOVE = YES;
				CLANG_WARN_UNREACHABLE_CODE = YES;
				CLANG_WARN__DUPLICATE_METHOD_MATCH = YES;
				COPY_PHASE_STRIP = NO;
				DEBUG_INFORMATION_FORMAT = dwarf;
				ENABLE_STRICT_OBJC_MSGSEND = YES;
				ENABLE_TESTABILITY = YES;
				GCC_C_LANGUAGE_STANDARD = gnu99;
				GCC_DYNAMIC_NO_PIC = NO;
				GCC_NO_COMMON_BLOCKS = YES;
				GCC_OPTIMIZATION_LEVEL = 0;
				GCC_PREPROCESSOR_DEFINITIONS = (
					"DEBUG=1",
					"$(inherited)",
				);
				GCC_WARN_64_TO_32_BIT_CONVERSION = YES;
				GCC_WARN_ABOUT_RETURN_TYPE = YES_ERROR;
				GCC_WARN_UNDECLARED_SELECTOR = YES;
				GCC_WARN_UNINITIALIZED_AUTOS = YES_AGGRESSIVE;
				GCC_WARN_UNUSED_FUNCTION = YES;
				GCC_WARN_UNUSED_VARIABLE = YES;
				MTL_ENABLE_DEBUG_INFO = YES;
				ONLY_ACTIVE_ARCH = YES;
			};
			name = Debug;
		};
		B70CA0C41F1F3F2400B9E5D3 /* Release */ = {
			isa = XCBuildConfiguration;
			buildSettings = {
				ALWAYS_SEARCH_USER_PATHS = NO;
				CLANG_ANALYZER_NONNULL = YES;
				CLANG_CXX_LANGUAGE_STANDARD = "gnu++0x";
				CLANG_CXX_LIBRARY = "libc++";
				CLANG_ENABLE_MODULES = YES;
				CLANG_ENABLE_OBJC_ARC = YES;
				CLANG_WARN_BOOL_CONVERSION = YES;
				CLANG_WARN_CONSTANT_CONVERSION = YES;
				CLANG_WARN_DIRECT_OBJC_ISA_USAGE = YES_ERROR;
				CLANG_WARN_DOCUMENTATION_COMMENTS = YES;
				CLANG_WARN_EMPTY_BODY = YES;
				CLANG_WARN_ENUM_CONVERSION = YES;
				CLANG_WARN_INFINITE_RECURSION = YES;
				CLANG_WARN_INT_CONVERSION = YES;
				CLANG_WARN_OBJC_ROOT_CLASS = YES_ERROR;
				CLANG_WARN_SUSPICIOUS_MOVE = YES;
				CLANG_WARN_UNREACHABLE_CODE = YES;
				CLANG_WARN__DUPLICATE_METHOD_MATCH = YES;
				COPY_PHASE_STRIP = NO;
				DEBUG_INFORMATION_FORMAT = "dwarf-with-dsym";
				ENABLE_NS_ASSERTIONS = NO;
				ENABLE_STRICT_OBJC_MSGSEND = YES;
				GCC_C_LANGUAGE_STANDARD = gnu99;
				GCC_NO_COMMON_BLOCKS = YES;
				GCC_WARN_64_TO_32_BIT_CONVERSION = YES;
				GCC_WARN_ABOUT_RETURN_TYPE = YES_ERROR;
				GCC_WARN_UNDECLARED_SELECTOR = YES;
				GCC_WARN_UNINITIALIZED_AUTOS = YES_AGGRESSIVE;
				GCC_WARN_UNUSED_FUNCTION = YES;
				GCC_WARN_UNUSED_VARIABLE = YES;
				MTL_ENABLE_DEBUG_INFO = NO;
			};
			name = Release;
		};
		B70CA0C61F1F3F2400B9E5D3 /* Debug */ = {
			isa = XCBuildConfiguration;
			buildSettings = {
				DEBUGGING_SYMBOLS = YES;
				DEBUG_INFORMATION_FORMAT = dwarf;
				GCC_GENERATE_DEBUGGING_SYMBOLS = YES;
				GCC_OPTIMIZATION_LEVEL = 0;
				OTHER_CFLAGS = "";
				OTHER_LDFLAGS = "";
				PRODUCT_NAME = "$(TARGET_NAME)";
			};
			name = Debug;
		};
		B70CA0C71F1F3F2400B9E5D3 /* Release */ = {
			isa = XCBuildConfiguration;
			buildSettings = {
				DEBUG_INFORMATION_FORMAT = "dwarf-with-dsym";
				OTHER_CFLAGS = "";
				OTHER_LDFLAGS = "";
				PRODUCT_NAME = "$(TARGET_NAME)";
			};
			name = Release;
		};
/* End XCBuildConfiguration section */

/* Begin XCConfigurationList section */
		B70CA0C11F1F3F2400B9E5D3 /* Build configuration list for PBXProject "NewDesign" */ = {
			isa = XCConfigurationList;
			buildConfigurations = (
				B70CA0C31F1F3F2400B9E5D3 /* Debug */,
				B70CA0C41F1F3F2400B9E5D3 /* Release */,
			);
			defaultConfigurationIsVisible = 0;
			defaultConfigurationName = Release;
		};
		B70CA0C51F1F3F2400B9E5D3 /* Build configuration list for PBXLegacyTarget "NewDesign" */ = {
			isa = XCConfigurationList;
			buildConfigurations = (
				B70CA0C61F1F3F2400B9E5D3 /* Debug */,
				B70CA0C71F1F3F2400B9E5D3 /* Release */,
			);
			defaultConfigurationIsVisible = 0;
			defaultConfigurationName = Release;
		};
/* End XCConfigurationList section */
	};
	rootObject = B70CA0BE1F1F3F2400B9E5D3 /* Project object */;
}
